
Microsoft Visual Studio Solution File, Format Version 12.00
# Visual Studio Version 16
VisualStudioVersion = 16.0.35826.135
MinimumVisualStudioVersion = 10.0.40219.1
Project("{FAE04EC0-301F-11D3-BF4B-00C04F79EFBC}") = "MVVMKit", "MVVMKit\MVVMKit.csproj", "{2FB12AE0-5932-436E-A7FA-5634161787EF}"
EndProject
Project("{2150E333-8FDC-42A3-9474-1A3956D46DE8}") = "Example", "Example", "{398A2404-A4DD-43B0-A520-9CD8DAF99D56}"
EndProject
Project("{FAE04EC0-301F-11D3-BF4B-00C04F79EFBC}") = "MVVMKitSample", "MVVMKitSample\MVVMKitSample.csproj", "{A5D05A4A-3269-42C1-8B4B-042CB1A87490}"
EndProject
Project("{FAE04EC0-301F-11D3-BF4B-00C04F79EFBC}") = "MVVMKitSample.UI.ViewA", "MVVMKitSample.UI.ViewA\MVVMKitSample.UI.ViewA.csproj", "{7F571D8F-DD62-469D-B97D-029ED6298CE6}"
EndProject
Project("{FAE04EC0-301F-11D3-BF4B-00C04F79EFBC}") = "MVVMKitSample.UI.ViewB", "MVVMKitSample.UI.ViewB\MVVMKitSample.UI.ViewB.csproj", "{CD681AC8-D229-4538-8BDF-5865DF9700E1}"
EndProject
Project("{FAE04EC0-301F-11D3-BF4B-00C04F79EFBC}") = "MVVMKitSample.Application", "MVVMKitSample.Application\MVVMKitSample.Application.csproj", "{578A9709-266F-4241-A803-AAD3804DC4F8}"
EndProject
Project("{FAE04EC0-301F-11D3-BF4B-00C04F79EFBC}") = "MVVMKitSample.Infrastructure", "MVVMKitSample.Infrastructure\MVVMKitSample.Infrastructure.csproj", "{A80B029C-3384-4E6D-B7F0-2094AA621C6A}"
EndProject
Project("{2150E333-8FDC-42A3-9474-1A3956D46DE8}") = "UI", "UI", "{18CB1F0D-30CC-4CE8-A9A9-49C5145CA95C}"
EndProject
Project("{FAE04EC0-301F-11D3-BF4B-00C04F79EFBC}") = "MVVMKitSample.UI.DialogA", "MVVMKitSample.UI.DialogA\MVVMKitSample.UI.DialogA.csproj", "{E1B9D6EF-7189-4850-881E-1DB9E32DB1E4}"
EndProject
Project("{FAE04EC0-301F-11D3-BF4B-00C04F79EFBC}") = "MVVMKitSample.UI.Core", "MVVMKitSample.UI.Core\MVVMKitSample.UI.Core.csproj", "{A4598871-B63E-40C8-9950-F58332E6CDFB}"
EndProject
Global
	GlobalSection(SolutionConfigurationPlatforms) = preSolution
		Debug|Any CPU = Debug|Any CPU
		Release|Any CPU = Release|Any CPU
	EndGlobalSection
	GlobalSection(ProjectConfigurationPlatforms) = postSolution
		{2FB12AE0-5932-436E-A7FA-5634161787EF}.Debug|Any CPU.ActiveCfg = Debug|Any CPU
		{2FB12AE0-5932-436E-A7FA-5634161787EF}.Debug|Any CPU.Build.0 = Debug|Any CPU
		{2FB12AE0-5932-436E-A7FA-5634161787EF}.Release|Any CPU.ActiveCfg = Release|Any CPU
		{2FB12AE0-5932-436E-A7FA-5634161787EF}.Release|Any CPU.Build.0 = Release|Any CPU
		{A5D05A4A-3269-42C1-8B4B-042CB1A87490}.Debug|Any CPU.ActiveCfg = Debug|Any CPU
		{A5D05A4A-3269-42C1-8B4B-042CB1A87490}.Debug|Any CPU.Build.0 = Debug|Any CPU
		{A5D05A4A-3269-42C1-8B4B-042CB1A87490}.Release|Any CPU.ActiveCfg = Release|Any CPU
		{A5D05A4A-3269-42C1-8B4B-042CB1A87490}.Release|Any CPU.Build.0 = Release|Any CPU
		{7F571D8F-DD62-469D-B97D-029ED6298CE6}.Debug|Any CPU.ActiveCfg = Debug|Any CPU
		{7F571D8F-DD62-469D-B97D-029ED6298CE6}.Debug|Any CPU.Build.0 = Debug|Any CPU
		{7F571D8F-DD62-469D-B97D-029ED6298CE6}.Release|Any CPU.ActiveCfg = Release|Any CPU
		{7F571D8F-DD62-469D-B97D-029ED6298CE6}.Release|Any CPU.Build.0 = Release|Any CPU
		{CD681AC8-D229-4538-8BDF-5865DF9700E1}.Debug|Any CPU.ActiveCfg = Debug|Any CPU
		{CD681AC8-D229-4538-8BDF-5865DF9700E1}.Debug|Any CPU.Build.0 = Debug|Any CPU
		{CD681AC8-D229-4538-8BDF-5865DF9700E1}.Release|Any CPU.ActiveCfg = Release|Any CPU
		{CD681AC8-D229-4538-8BDF-5865DF9700E1}.Release|Any CPU.Build.0 = Release|Any CPU
		{578A9709-266F-4241-A803-AAD3804DC4F8}.Debug|Any CPU.ActiveCfg = Debug|Any CPU
		{578A9709-266F-4241-A803-AAD3804DC4F8}.Debug|Any CPU.Build.0 = Debug|Any CPU
		{578A9709-266F-4241-A803-AAD3804DC4F8}.Release|Any CPU.ActiveCfg = Release|Any CPU
		{578A9709-266F-4241-A803-AAD3804DC4F8}.Release|Any CPU.Build.0 = Release|Any CPU
		{A80B029C-3384-4E6D-B7F0-2094AA621C6A}.Debug|Any CPU.ActiveCfg = Debug|Any CPU
		{A80B029C-3384-4E6D-B7F0-2094AA621C6A}.Debug|Any CPU.Build.0 = Debug|Any CPU
		{A80B029C-3384-4E6D-B7F0-2094AA621C6A}.Release|Any CPU.ActiveCfg = Release|Any CPU
		{A80B029C-3384-4E6D-B7F0-2094AA621C6A}.Release|Any CPU.Build.0 = Release|Any CPU
		{E1B9D6EF-7189-4850-881E-1DB9E32DB1E4}.Debug|Any CPU.ActiveCfg = Debug|Any CPU
		{E1B9D6EF-7189-4850-881E-1DB9E32DB1E4}.Debug|Any CPU.Build.0 = Debug|Any CPU
		{E1B9D6EF-7189-4850-881E-1DB9E32DB1E4}.Release|Any CPU.ActiveCfg = Release|Any CPU
		{E1B9D6EF-7189-4850-881E-1DB9E32DB1E4}.Release|Any CPU.Build.0 = Release|Any CPU
		{A4598871-B63E-40C8-9950-F58332E6CDFB}.Debug|Any CPU.ActiveCfg = Debug|Any CPU
		{A4598871-B63E-40C8-9950-F58332E6CDFB}.Debug|Any CPU.Build.0 = Debug|Any CPU
		{A4598871-B63E-40C8-9950-F58332E6CDFB}.Release|Any CPU.ActiveCfg = Release|Any CPU
		{A4598871-B63E-40C8-9950-F58332E6CDFB}.Release|Any CPU.Build.0 = Release|Any CPU
	EndGlobalSection
	GlobalSection(SolutionProperties) = preSolution
		HideSolutionNode = FALSE
	EndGlobalSection
	GlobalSection(NestedProjects) = preSolution
		{A5D05A4A-3269-42C1-8B4B-042CB1A87490} = {398A2404-A4DD-43B0-A520-9CD8DAF99D56}
		{7F571D8F-DD62-469D-B97D-029ED6298CE6} = {18CB1F0D-30CC-4CE8-A9A9-49C5145CA95C}
		{CD681AC8-D229-4538-8BDF-5865DF9700E1} = {18CB1F0D-30CC-4CE8-A9A9-49C5145CA95C}
		{578A9709-266F-4241-A803-AAD3804DC4F8} = {398A2404-A4DD-43B0-A520-9CD8DAF99D56}
		{A80B029C-3384-4E6D-B7F0-2094AA621C6A} = {398A2404-A4DD-43B0-A520-9CD8DAF99D56}
		{18CB1F0D-30CC-4CE8-A9A9-49C5145CA95C} = {398A2404-A4DD-43B0-A520-9CD8DAF99D56}
		{E1B9D6EF-7189-4850-881E-1DB9E32DB1E4} = {18CB1F0D-30CC-4CE8-A9A9-49C5145CA95C}
		{A4598871-B63E-40C8-9950-F58332E6CDFB} = {18CB1F0D-30CC-4CE8-A9A9-49C5145CA95C}
	EndGlobalSection
	GlobalSection(ExtensibilityGlobals) = postSolution
		SolutionGuid = {DD05D840-86BD-4FAB-A577-B14901953FBD}
	EndGlobalSection
EndGlobal
